
Microsoft Visual Studio Solution File, Format Version 12.00
# Visual Studio 15
VisualStudioVersion = 15.0.26730.12
MinimumVisualStudioVersion = 10.0.40219.1
Project("{FAE04EC0-301F-11D3-BF4B-00C04F79EFBC}") = "Projeto.EncontrarDiretorioServidor", "Projeto.EncontrarDiretorioServidor\Projeto.EncontrarDiretorioServidor.csproj", "{97F49A89-4546-468C-8000-F98D52742D6A}"
EndProject
Global
	GlobalSection(SolutionConfigurationPlatforms) = preSolution
		Debug|Any CPU = Debug|Any CPU
		Release|Any CPU = Release|Any CPU
	EndGlobalSection
	GlobalSection(ProjectConfigurationPlatforms) = postSolution
		{97F49A89-4546-468C-8000-F98D52742D6A}.Debug|Any CPU.ActiveCfg = Debug|Any CPU
		{97F49A89-4546-468C-8000-F98D52742D6A}.Debug|Any CPU.Build.0 = Debug|Any CPU
		{97F49A89-4546-468C-8000-F98D52742D6A}.Release|Any CPU.ActiveCfg = Release|Any CPU
		{97F49A89-4546-468C-8000-F98D52742D6A}.Release|Any CPU.Build.0 = Release|Any CPU
	EndGlobalSection
	GlobalSection(SolutionProperties) = preSolution
		HideSolutionNode = FALSE
	EndGlobalSection
	GlobalSection(ExtensibilityGlobals) = postSolution
		SolutionGuid = {E3D42E57-C12B-4BEF-BD17-8378F12EF0E9}
	EndGlobalSection
EndGlobal
